
Microsoft Visual Studio Solution File, Format Version 12.00
# Visual Studio Version 16
VisualStudioVersion = 16.0.31702.278
MinimumVisualStudioVersion = 10.0.40219.1
Project("{FAE04EC0-301F-11D3-BF4B-00C04F79EFBC}") = "Validate_Using_LambdaExpressionUC13", "Validate_Using_LambdaExpressionUC13\Validate_Using_LambdaExpressionUC13.csproj", "{23A400F4-FF00-409C-9CB5-A4E8AACE4D90}"
EndProject
Global
	GlobalSection(SolutionConfigurationPlatforms) = preSolution
		Debug|Any CPU = Debug|Any CPU
		Release|Any CPU = Release|Any CPU
	EndGlobalSection
	GlobalSection(ProjectConfigurationPlatforms) = postSolution
		{23A400F4-FF00-409C-9CB5-A4E8AACE4D90}.Debug|Any CPU.ActiveCfg = Debug|Any CPU
		{23A400F4-FF00-409C-9CB5-A4E8AACE4D90}.Debug|Any CPU.Build.0 = Debug|Any CPU
		{23A400F4-FF00-409C-9CB5-A4E8AACE4D90}.Release|Any CPU.ActiveCfg = Release|Any CPU
		{23A400F4-FF00-409C-9CB5-A4E8AACE4D90}.Release|Any CPU.Build.0 = Release|Any CPU
	EndGlobalSection
	GlobalSection(SolutionProperties) = preSolution
		HideSolutionNode = FALSE
	EndGlobalSection
	GlobalSection(ExtensibilityGlobals) = postSolution
		SolutionGuid = {8BCAE369-AB99-4298-9973-8133A5DC9E61}
	EndGlobalSection
EndGlobal
